
Microsoft Visual Studio Solution File, Format Version 12.00
# Visual Studio Version 16
VisualStudioVersion = 16.0.30002.166
MinimumVisualStudioVersion = 10.0.40219.1
Project("{FAE04EC0-301F-11D3-BF4B-00C04F79EFBC}") = "EStore(MVC)", "EStore(MVC).csproj", "{C7FF7C2F-6407-4C60-A1A0-7510ED3BE5F3}"
EndProject
Global
	GlobalSection(SolutionConfigurationPlatforms) = preSolution
		Debug|Any CPU = Debug|Any CPU
		Release|Any CPU = Release|Any CPU
	EndGlobalSection
	GlobalSection(ProjectConfigurationPlatforms) = postSolution
		{C7FF7C2F-6407-4C60-A1A0-7510ED3BE5F3}.Debug|Any CPU.ActiveCfg = Debug|Any CPU
		{C7FF7C2F-6407-4C60-A1A0-7510ED3BE5F3}.Debug|Any CPU.Build.0 = Debug|Any CPU
		{C7FF7C2F-6407-4C60-A1A0-7510ED3BE5F3}.Release|Any CPU.ActiveCfg = Release|Any CPU
		{C7FF7C2F-6407-4C60-A1A0-7510ED3BE5F3}.Release|Any CPU.Build.0 = Release|Any CPU
	EndGlobalSection
	GlobalSection(SolutionProperties) = preSolution
		HideSolutionNode = FALSE
	EndGlobalSection
	GlobalSection(ExtensibilityGlobals) = postSolution
		SolutionGuid = {7AF05B26-B6B0-4861-9BDC-D63E79FE2B85}
	EndGlobalSection
EndGlobal
